
Microsoft Visual Studio Solution File, Format Version 12.00
# Visual Studio 2012
Project("{FAE04EC0-301F-11D3-BF4B-00C04F79EFBC}") = "WebService", "WebService\WebService.csproj", "{CF4FC8BD-7526-47EE-A74D-3A5C986E691F}"
EndProject
Project("{FAE04EC0-301F-11D3-BF4B-00C04F79EFBC}") = "APITestProject", "APITestProject\APITestProject.csproj", "{F5302696-1F2A-428E-837F-3132C12EC20C}"
EndProject
Global
	GlobalSection(SolutionConfigurationPlatforms) = preSolution
		Debug|Any CPU = Debug|Any CPU
		Release|Any CPU = Release|Any CPU
	EndGlobalSection
	GlobalSection(ProjectConfigurationPlatforms) = postSolution
		{CF4FC8BD-7526-47EE-A74D-3A5C986E691F}.Debug|Any CPU.ActiveCfg = Debug|Any CPU
		{CF4FC8BD-7526-47EE-A74D-3A5C986E691F}.Debug|Any CPU.Build.0 = Debug|Any CPU
		{CF4FC8BD-7526-47EE-A74D-3A5C986E691F}.Release|Any CPU.ActiveCfg = Release|Any CPU
		{CF4FC8BD-7526-47EE-A74D-3A5C986E691F}.Release|Any CPU.Build.0 = Release|Any CPU
		{F5302696-1F2A-428E-837F-3132C12EC20C}.Debug|Any CPU.ActiveCfg = Debug|Any CPU
		{F5302696-1F2A-428E-837F-3132C12EC20C}.Debug|Any CPU.Build.0 = Debug|Any CPU
		{F5302696-1F2A-428E-837F-3132C12EC20C}.Release|Any CPU.ActiveCfg = Release|Any CPU
		{F5302696-1F2A-428E-837F-3132C12EC20C}.Release|Any CPU.Build.0 = Release|Any CPU
	EndGlobalSection
	GlobalSection(SolutionProperties) = preSolution
		HideSolutionNode = FALSE
	EndGlobalSection
EndGlobal
